// !$*UTF8*$!
{
	archiveVersion = 1;
	classes = {
	};
	objectVersion = 46;
	objects = {

/* Begin PBXBuildFile section */
		047232671969078F00B0B8B1 /* HRToast+UIView.swift in Sources */ = {isa = PBXBuildFile; fileRef = 047232661969078F00B0B8B1 /* HRToast+UIView.swift */; };
		04B641DC1968DCF80000C251 /* AppDelegate.swift in Sources */ = {isa = PBXBuildFile; fileRef = 04B641DB1968DCF80000C251 /* AppDelegate.swift */; };
		04B641DE1968DCF80000C251 /* ViewController.swift in Sources */ = {isa = PBXBuildFile; fileRef = 04B641DD1968DCF80000C251 /* ViewController.swift */; };
		04B641E11968DCF90000C251 /* Main.storyboard in Resources */ = {isa = PBXBuildFile; fileRef = 04B641DF1968DCF90000C251 /* Main.storyboard */; };
		04B641E31968DCF90000C251 /* Images.xcassets in Resources */ = {isa = PBXBuildFile; fileRef = 04B641E21968DCF90000C251 /* Images.xcassets */; };
		04B641EF1968DCF90000C251 /* ToastDemoTests.swift in Sources */ = {isa = PBXBuildFile; fileRef = 04B641EE1968DCF90000C251 /* ToastDemoTests.swift */; };
		B04C4DEF1C51EEC20095C9FA /* Launch Screen.storyboard in Resources */ = {isa = PBXBuildFile; fileRef = B04C4DEE1C51EEC20095C9FA /* Launch Screen.storyboard */; };
/* End PBXBuildFile section */

/* Begin PBXContainerItemProxy section */
		04B641E91968DCF90000C251 /* PBXContainerItemProxy */ = {
			isa = PBXContainerItemProxy;
			containerPortal = 04B641CE1968DCF80000C251 /* Project object */;
			proxyType = 1;
			remoteGlobalIDString = 04B641D51968DCF80000C251;
			remoteInfo = ToastDemo;
		};
/* End PBXContainerItemProxy section */

/* Begin PBXFileReference section */
		047232661969078F00B0B8B1 /* HRToast+UIView.swift */ = {isa = PBXFileReference; fileEncoding = 4; lastKnownFileType = sourcecode.swift; path = "HRToast+UIView.swift"; sourceTree = "<group>"; };
		04B641D61968DCF80000C251 /* ToastDemo.app */ = {isa = PBXFileReference; explicitFileType = wrapper.application; includeInIndex = 0; path = ToastDemo.app; sourceTree = BUILT_PRODUCTS_DIR; };
		04B641DA1968DCF80000C251 /* Info.plist */ = {isa = PBXFileReference; lastKnownFileType = text.plist.xml; path = Info.plist; sourceTree = "<group>"; };
		04B641DB1968DCF80000C251 /* AppDelegate.swift */ = {isa = PBXFileReference; lastKnownFileType = sourcecode.swift; path = AppDelegate.swift; sourceTree = "<group>"; };
		04B641DD1968DCF80000C251 /* ViewController.swift */ = {isa = PBXFileReference; lastKnownFileType = sourcecode.swift; path = ViewController.swift; sourceTree = "<group>"; };
		04B641E01968DCF90000C251 /* Base */ = {isa = PBXFileReference; lastKnownFileType = file.storyboard; name = Base; path = Base.lproj/Main.storyboard; sourceTree = "<group>"; };
		04B641E21968DCF90000C251 /* Images.xcassets */ = {isa = PBXFileReference; lastKnownFileType = folder.assetcatalog; path = Images.xcassets; sourceTree = "<group>"; };
		04B641E81968DCF90000C251 /* ToastDemoTests.xctest */ = {isa = PBXFileReference; explicitFileType = wrapper.cfbundle; includeInIndex = 0; path = ToastDemoTests.xctest; sourceTree = BUILT_PRODUCTS_DIR; };
		04B641ED1968DCF90000C251 /* Info.plist */ = {isa = PBXFileReference; lastKnownFileType = text.plist.xml; path = Info.plist; sourceTree = "<group>"; };
		04B641EE1968DCF90000C251 /* ToastDemoTests.swift */ = {isa = PBXFileReference; lastKnownFileType = sourcecode.swift; path = ToastDemoTests.swift; sourceTree = "<group>"; };
		B04C4DEE1C51EEC20095C9FA /* Launch Screen.storyboard */ = {isa = PBXFileReference; fileEncoding = 4; lastKnownFileType = file.storyboard; path = "Launch Screen.storyboard"; sourceTree = "<group>"; };
/* End PBXFileReference section */

/* Begin PBXFrameworksBuildPhase section */
		04B641D31968DCF80000C251 /* Frameworks */ = {
			isa = PBXFrameworksBuildPhase;
			buildActionMask = 2147483647;
			files = (
			);
			runOnlyForDeploymentPostprocessing = 0;
		};
		04B641E51968DCF90000C251 /* Frameworks */ = {
			isa = PBXFrameworksBuildPhase;
			buildActionMask = 2147483647;
			files = (
			);
			runOnlyForDeploymentPostprocessing = 0;
		};
/* End PBXFrameworksBuildPhase section */

/* Begin PBXGroup section */
		047232651969078F00B0B8B1 /* Toast */ = {
			isa = PBXGroup;
			children = (
				047232661969078F00B0B8B1 /* HRToast+UIView.swift */,
			);
			path = Toast;
			sourceTree = "<group>";
		};
		04B641CD1968DCF80000C251 = {
			isa = PBXGroup;
			children = (
				047232651969078F00B0B8B1 /* Toast */,
				04B641D81968DCF80000C251 /* ToastDemo */,
				04B641EB1968DCF90000C251 /* ToastDemoTests */,
				04B641D71968DCF80000C251 /* Products */,
			);
			sourceTree = "<group>";
		};
		04B641D71968DCF80000C251 /* Products */ = {
			isa = PBXGroup;
			children = (
				04B641D61968DCF80000C251 /* ToastDemo.app */,
				04B641E81968DCF90000C251 /* ToastDemoTests.xctest */,
			);
			name = Products;
			sourceTree = "<group>";
		};
		04B641D81968DCF80000C251 /* ToastDemo */ = {
			isa = PBXGroup;
			children = (
				04B641DB1968DCF80000C251 /* AppDelegate.swift */,
				04B641DD1968DCF80000C251 /* ViewController.swift */,
				04B641D91968DCF80000C251 /* Supporting Files */,
			);
			path = ToastDemo;
			sourceTree = "<group>";
		};
		04B641D91968DCF80000C251 /* Supporting Files */ = {
			isa = PBXGroup;
			children = (
				04B641E21968DCF90000C251 /* Images.xcassets */,
				04B641DF1968DCF90000C251 /* Main.storyboard */,
				B04C4DEE1C51EEC20095C9FA /* Launch Screen.storyboard */,
				04B641DA1968DCF80000C251 /* Info.plist */,
			);
			name = "Supporting Files";
			sourceTree = "<group>";
		};
		04B641EB1968DCF90000C251 /* ToastDemoTests */ = {
			isa = PBXGroup;
			children = (
				04B641EE1968DCF90000C251 /* ToastDemoTests.swift */,
				04B641EC1968DCF90000C251 /* Supporting Files */,
			);
			path = ToastDemoTests;
			sourceTree = "<group>";
		};
		04B641EC1968DCF90000C251 /* Supporting Files */ = {
			isa = PBXGroup;
			children = (
				04B641ED1968DCF90000C251 /* Info.plist */,
			);
			name = "Supporting Files";
			sourceTree = "<group>";
		};
/* End PBXGroup section */

/* Begin PBXNativeTarget section */
		04B641D51968DCF80000C251 /* ToastDemo */ = {
			isa = PBXNativeTarget;
			buildConfigurationList = 04B641F21968DCF90000C251 /* Build configuration list for PBXNativeTarget "ToastDemo" */;
			buildPhases = (
				04B641D21968DCF80000C251 /* Sources */,
				04B641D31968DCF80000C251 /* Frameworks */,
				04B641D41968DCF80000C251 /* Resources */,
			);
			buildRules = (
			);
			dependencies = (
			);
			name = ToastDemo;
			productName = ToastDemo;
			productReference = 04B641D61968DCF80000C251 /* ToastDemo.app */;
			productType = "com.apple.product-type.application";
		};
		04B641E71968DCF90000C251 /* ToastDemoTests */ = {
			isa = PBXNativeTarget;
			buildConfigurationList = 04B641F51968DCF90000C251 /* Build configuration list for PBXNativeTarget "ToastDemoTests" */;
			buildPhases = (
				04B641E41968DCF90000C251 /* Sources */,
				04B641E51968DCF90000C251 /* Frameworks */,
				04B641E61968DCF90000C251 /* Resources */,
			);
			buildRules = (
			);
			dependencies = (
				04B641EA1968DCF90000C251 /* PBXTargetDependency */,
			);
			name = ToastDemoTests;
			productName = ToastDemoTests;
			productReference = 04B641E81968DCF90000C251 /* ToastDemoTests.xctest */;
			productType = "com.apple.product-type.bundle.unit-test";
		};
/* End PBXNativeTarget section */

/* Begin PBXProject section */
		04B641CE1968DCF80000C251 /* Project object */ = {
			isa = PBXProject;
			attributes = {
				LastSwiftMigration = 0720;
				LastSwiftUpdateCheck = 0720;
				LastUpgradeCheck = 0720;
				ORGANIZATIONNAME = Rannie;
				TargetAttributes = {
					04B641D51968DCF80000C251 = {
						CreatedOnToolsVersion = 6.0;
					};
					04B641E71968DCF90000C251 = {
						CreatedOnToolsVersion = 6.0;
						TestTargetID = 04B641D51968DCF80000C251;
					};
				};
			};
			buildConfigurationList = 04B641D11968DCF80000C251 /* Build configuration list for PBXProject "ToastDemo" */;
			compatibilityVersion = "Xcode 3.2";
			developmentRegion = English;
			hasScannedForEncodings = 0;
			knownRegions = (
				en,
				Base,
			);
			mainGroup = 04B641CD1968DCF80000C251;
			productRefGroup = 04B641D71968DCF80000C251 /* Products */;
			projectDirPath = "";
			projectRoot = "";
			targets = (
				04B641D51968DCF80000C251 /* ToastDemo */,
				04B641E71968DCF90000C251 /* ToastDemoTests */,
			);
		};
/* End PBXProject section */

/* Begin PBXResourcesBuildPhase section */
		04B641D41968DCF80000C251 /* Resources */ = {
			isa = PBXResourcesBuildPhase;
			buildActionMask = 2147483647;
			files = (
				B04C4DEF1C51EEC20095C9FA /* Launch Screen.storyboard in Resources */,
				04B641E11968DCF90000C251 /* Main.storyboard in Resources */,
				04B641E31968DCF90000C251 /* Images.xcassets in Resources */,
			);
			runOnlyForDeploymentPostprocessing = 0;
		};
		04B641E61968DCF90000C251 /* Resources */ = {
			isa = PBXResourcesBuildPhase;
			buildActionMask = 2147483647;
			files = (
			);
			runOnlyForDeploymentPostprocessing = 0;
		};
/* End PBXResourcesBuildPhase section */

/* Begin PBXSourcesBuildPhase section */
		04B641D21968DCF80000C251 /* Sources */ = {
			isa = PBXSourcesBuildPhase;
			buildActionMask = 2147483647;
			files = (
				047232671969078F00B0B8B1 /* HRToast+UIView.swift in Sources */,
				04B641DE1968DCF80000C251 /* ViewController.swift in Sources */,
				04B641DC1968DCF80000C251 /* AppDelegate.swift in Sources */,
			);
			runOnlyForDeploymentPostprocessing = 0;
		};
		04B641E41968DCF90000C251 /* Sources */ = {
			isa = PBXSourcesBuildPhase;
			buildActionMask = 2147483647;
			files = (
				04B641EF1968DCF90000C251 /* ToastDemoTests.swift in Sources */,
			);
			runOnlyForDeploymentPostprocessing = 0;
		};
/* End PBXSourcesBuildPhase section */

/* Begin PBXTargetDependency section */
		04B641EA1968DCF90000C251 /* PBXTargetDependency */ = {
			isa = PBXTargetDependency;
			target = 04B641D51968DCF80000C251 /* ToastDemo */;
			targetProxy = 04B641E91968DCF90000C251 /* PBXContainerItemProxy */;
		};
/* End PBXTargetDependency section */

/* Begin PBXVariantGroup section */
		04B641DF1968DCF90000C251 /* Main.storyboard */ = {
			isa = PBXVariantGroup;
			children = (
				04B641E01968DCF90000C251 /* Base */,
			);
			name = Main.storyboard;
			sourceTree = "<group>";
		};
/* End PBXVariantGroup section */

/* Begin XCBuildConfiguration section */
		04B641F01968DCF90000C251 /* Debug */ = {
			isa = XCBuildConfiguration;
			buildSettings = {
				ALWAYS_SEARCH_USER_PATHS = NO;
				CLANG_CXX_LANGUAGE_STANDARD = "gnu++0x";
				CLANG_CXX_LIBRARY = "libc++";
				CLANG_ENABLE_MODULES = YES;
				CLANG_ENABLE_OBJC_ARC = YES;
				CLANG_WARN_BOOL_CONVERSION = YES;
				CLANG_WARN_CONSTANT_CONVERSION = YES;
				CLANG_WARN_DIRECT_OBJC_ISA_USAGE = YES_ERROR;
				CLANG_WARN_EMPTY_BODY = YES;
				CLANG_WARN_ENUM_CONVERSION = YES;
				CLANG_WARN_INT_CONVERSION = YES;
				CLANG_WARN_OBJC_ROOT_CLASS = YES_ERROR;
				CLANG_WARN_UNREACHABLE_CODE = YES;
				CLANG_WARN__DUPLICATE_METHOD_MATCH = YES;
				"CODE_SIGN_IDENTITY[sdk=iphoneos*]" = "iPhone Developer";
				COPY_PHASE_STRIP = NO;
				ENABLE_STRICT_OBJC_MSGSEND = YES;
				ENABLE_TESTABILITY = YES;
				GCC_C_LANGUAGE_STANDARD = gnu99;
				GCC_DYNAMIC_NO_PIC = NO;
				GCC_OPTIMIZATION_LEVEL = 0;
				GCC_PREPROCESSOR_DEFINITIONS = (
					"DEBUG=1",
					"$(inherited)",
				);
				GCC_SYMBOLS_PRIVATE_EXTERN = NO;
				GCC_WARN_64_TO_32_BIT_CONVERSION = YES;
				GCC_WARN_ABOUT_RETURN_TYPE = YES_ERROR;
				GCC_WARN_UNDECLARED_SELECTOR = YES;
				GCC_WARN_UNINITIALIZED_AUTOS = YES_AGGRESSIVE;
				GCC_WARN_UNUSED_FUNCTION = YES;
				GCC_WARN_UNUSED_VARIABLE = YES;
				IPHONEOS_DEPLOYMENT_TARGET = 8.0;
				METAL_ENABLE_DEBUG_INFO = YES;
				ONLY_ACTIVE_ARCH = YES;
				SDKROOT = iphoneos;
				SWIFT_OPTIMIZATION_LEVEL = "-Onone";
			};
			name = Debug;
		};
		04B641F11968DCF90000C251 /* Release */ = {
			isa = XCBuildConfiguration;
			buildSettings = {
				ALWAYS_SEARCH_USER_PATHS = NO;
				CLANG_CXX_LANGUAGE_STANDARD = "gnu++0x";
				CLANG_CXX_LIBRARY = "libc++";
				CLANG_ENABLE_MODULES = YES;
				CLANG_ENABLE_OBJC_ARC = YES;
				CLANG_WARN_BOOL_CONVERSION = YES;
				CLANG_WARN_CONSTANT_CONVERSION = YES;
				CLANG_WARN_DIRECT_OBJC_ISA_USAGE = YES_ERROR;
				CLANG_WARN_EMPTY_BODY = YES;
				CLANG_WARN_ENUM_CONVERSION = YES;
				CLANG_WARN_INT_CONVERSION = YES;
				CLANG_WARN_OBJC_ROOT_CLASS = YES_ERROR;
				CLANG_WARN_UNREACHABLE_CODE = YES;
				CLANG_WARN__DUPLICATE_METHOD_MATCH = YES;
				"CODE_SIGN_IDENTITY[sdk=iphoneos*]" = "iPhone Developer";
				COPY_PHASE_STRIP = YES;
				ENABLE_NS_ASSERTIONS = NO;
				ENABLE_STRICT_OBJC_MSGSEND = YES;
				GCC_C_LANGUAGE_STANDARD = gnu99;
				GCC_WARN_64_TO_32_BIT_CONVERSION = YES;
				GCC_WARN_ABOUT_RETURN_TYPE = YES_ERROR;
				GCC_WARN_UNDECLARED_SELECTOR = YES;
				GCC_WARN_UNINITIALIZED_AUTOS = YES_AGGRESSIVE;
				GCC_WARN_UNUSED_FUNCTION = YES;
				GCC_WARN_UNUSED_VARIABLE = YES;
				IPHONEOS_DEPLOYMENT_TARGET = 8.0;
				METAL_ENABLE_DEBUG_INFO = NO;
				SDKROOT = iphoneos;
				VALIDATE_PRODUCT = YES;
			};
			name = Release;
		};
		04B641F31968DCF90000C251 /* Debug */ = {
			isa = XCBuildConfiguration;
			buildSettings = {
				ASSETCATALOG_COMPILER_APPICON_NAME = AppIcon;
				ASSETCATALOG_COMPILER_LAUNCHIMAGE_NAME = LaunchImage;
				INFOPLIST_FILE = ToastDemo/Info.plist;
				LD_RUNPATH_SEARCH_PATHS = "$(inherited) @executable_path/Frameworks";
				PRODUCT_BUNDLE_IDENTIFIER = "com.rannie.${PRODUCT_NAME:rfc1034identifier}";
				PRODUCT_NAME = "$(TARGET_NAME)";
			};
			name = Debug;
		};
		04B641F41968DCF90000C251 /* Release */ = {
			isa = XCBuildConfiguration;
			buildSettings = {
				ASSETCATALOG_COMPILER_APPICON_NAME = AppIcon;
				ASSETCATALOG_COMPILER_LAUNCHIMAGE_NAME = LaunchImage;
				INFOPLIST_FILE = ToastDemo/Info.plist;
				LD_RUNPATH_SEARCH_PATHS = "$(inherited) @executable_path/Frameworks";
				PRODUCT_BUNDLE_IDENTIFIER = "com.rannie.${PRODUCT_NAME:rfc1034identifier}";
				PRODUCT_NAME = "$(TARGET_NAME)";
			};
			name = Release;
		};
		04B641F61968DCF90000C251 /* Debug */ = {
			isa = XCBuildConfiguration;
			buildSettings = {
				BUNDLE_LOADER = "$(BUILT_PRODUCTS_DIR)/ToastDemo.app/ToastDemo";
				FRAMEWORK_SEARCH_PATHS = (
					"$(SDKROOT)/Developer/Library/Frameworks",
					"$(inherited)",
				);
				GCC_PREPROCESSOR_DEFINITIONS = (
					"DEBUG=1",
					"$(inherited)",
				);
				INFOPLIST_FILE = ToastDemoTests/Info.plist;
				LD_RUNPATH_SEARCH_PATHS = "$(inherited) @executable_path/Frameworks @loader_path/Frameworks";
				METAL_ENABLE_DEBUG_INFO = YES;
				PRODUCT_BUNDLE_IDENTIFIER = "com.rannie.${PRODUCT_NAME:rfc1034identifier}";
				PRODUCT_NAME = "$(TARGET_NAME)";
				TEST_HOST = "$(BUNDLE_LOADER)";
			};
			name = Debug;
		};
		04B641F71968DCF90000C251 /* Release */ = {
			isa = XCBuildConfiguration;
			buildSettings = {
				BUNDLE_LOADER = "$(BUILT_PRODUCTS_DIR)/ToastDemo.app/ToastDemo";
				FRAMEWORK_SEARCH_PATHS = (
					"$(SDKROOT)/Developer/Library/Frameworks",
					"$(inherited)",
				);
				INFOPLIST_FILE = ToastDemoTests/Info.plist;
				LD_RUNPATH_SEARCH_PATHS = "$(inherited) @executable_path/Frameworks @loader_path/Frameworks";
				METAL_ENABLE_DEBUG_INFO = NO;
				PRODUCT_BUNDLE_IDENTIFIER = "com.rannie.${PRODUCT_NAME:rfc1034identifier}";
				PRODUCT_NAME = "$(TARGET_NAME)";
				TEST_HOST = "$(BUNDLE_LOADER)";
			};
			name = Release;
		};
/* End XCBuildConfiguration section */

/* Begin XCConfigurationList section */
		04B641D11968DCF80000C251 /* Build configuration list for PBXProject "ToastDemo" */ = {
			isa = XCConfigurationList;
			buildConfigurations = (
				04B641F01968DCF90000C251 /* Debug */,
				04B641F11968DCF90000C251 /* Release */,
			);
			defaultConfigurationIsVisible = 0;
			defaultConfigurationName = Release;
		};
		04B641F21968DCF90000C251 /* Build configuration list for PBXNativeTarget "ToastDemo" */ = {
			isa = XCConfigurationList;
			buildConfigurations = (
				04B641F31968DCF90000C251 /* Debug */,
				04B641F41968DCF90000C251 /* Release */,
			);
			defaultConfigurationIsVisible = 0;
			defaultConfigurationName = Release;
		};
		04B641F51968DCF90000C251 /* Build configuration list for PBXNativeTarget "ToastDemoTests" */ = {
			isa = XCConfigurationList;
			buildConfigurations = (
				04B641F61968DCF90000C251 /* Debug */,
				04B641F71968DCF90000C251 /* Release */,
			);
			defaultConfigurationIsVisible = 0;
			defaultConfigurationName = Release;
		};
/* End XCConfigurationList section */
	};
	rootObject = 04B641CE1968DCF80000C251 /* Project object */;
}
